--- 
dependencies: 
  haml: 
    group: 
    - :default
    version: ">= 0"
  freerange-deploy: 
    group: 
    - :default
    version: ">= 0"
  vanilla: 
    group: 
    - :default
    version: ">= 0"
specs: 
- BlueCloth: 
    version: 1.0.1
- RedCloth: 
    version: 4.2.3
- activesupport: 
    version: 2.3.8
- highline: 
    version: 1.5.2
- net-ssh: 
    version: 2.0.23
- net-scp: 
    version: 1.0.2
- net-sftp: 
    version: 2.0.4
- net-ssh-gateway: 
    version: 1.0.1
- capistrano: 
    version: 2.5.19
- capistrano-ext: 
    version: 1.2.1
- crack: 
    version: 0.1.7
- json: 
    version: 1.4.3
- thor: 
    version: 0.13.7
- httparty: 
    version: 0.6.0
- mime-types: 
    version: "1.16"
- tinder: 
    version: 1.3.1
- freerange-deploy: 
    version: 0.1.13
    source: 0
- haml: 
    version: 3.0.13
- libxml-ruby: 
    version: 1.1.4
- polyglot: 
    version: 0.3.1
- rack: 
    version: 1.2.1
- ratom: 
    version: 0.6.7
- soup: 
    version: 0.9.11
- treetop: 
    version: 1.4.8
- warden: 
    version: 0.10.7
- vanilla: 
    version: 1.11.0
hash: ef14309b1941b936839003ddae39a6247c32df81
sources: 
- Git: 
    uri: git://github.com/freerange/deploy.git
    tag: v0.1.13
    git: git://github.com/freerange/deploy.git
    ref: 26eb084e82cbb3a190975315659b53cb98d21e0e
- Rubygems: 
    uri: http://gemcutter.org
